
Microsoft Visual Studio Solution File, Format Version 12.00
# Visual Studio Version 17
VisualStudioVersion = 17.5.33516.290
MinimumVisualStudioVersion = 10.0.40219.1
Project("{FAE04EC0-301F-11D3-BF4B-00C04F79EFBC}") = "MyBookLibrary", "MyBookLibrary.csproj", "{43C6D38F-2B65-4640-BE62-6CA115EECBF1}"
EndProject
Project("{FAE04EC0-301F-11D3-BF4B-00C04F79EFBC}") = "MyBookLibrary.Tests", "..\MyBookLibrary.Tests\MyBookLibrary.Tests.csproj", "{7922B368-BE52-4476-9FE5-B458D2EA6F99}"
EndProject
Global
	GlobalSection(SolutionConfigurationPlatforms) = preSolution
		Debug|Any CPU = Debug|Any CPU
		Release|Any CPU = Release|Any CPU
	EndGlobalSection
	GlobalSection(ProjectConfigurationPlatforms) = postSolution
		{43C6D38F-2B65-4640-BE62-6CA115EECBF1}.Debug|Any CPU.ActiveCfg = Debug|Any CPU
		{43C6D38F-2B65-4640-BE62-6CA115EECBF1}.Debug|Any CPU.Build.0 = Debug|Any CPU
		{43C6D38F-2B65-4640-BE62-6CA115EECBF1}.Release|Any CPU.ActiveCfg = Release|Any CPU
		{43C6D38F-2B65-4640-BE62-6CA115EECBF1}.Release|Any CPU.Build.0 = Release|Any CPU
		{7922B368-BE52-4476-9FE5-B458D2EA6F99}.Debug|Any CPU.ActiveCfg = Debug|Any CPU
		{7922B368-BE52-4476-9FE5-B458D2EA6F99}.Debug|Any CPU.Build.0 = Debug|Any CPU
		{7922B368-BE52-4476-9FE5-B458D2EA6F99}.Release|Any CPU.ActiveCfg = Release|Any CPU
		{7922B368-BE52-4476-9FE5-B458D2EA6F99}.Release|Any CPU.Build.0 = Release|Any CPU
	EndGlobalSection
	GlobalSection(SolutionProperties) = preSolution
		HideSolutionNode = FALSE
	EndGlobalSection
	GlobalSection(ExtensibilityGlobals) = postSolution
		SolutionGuid = {5EC0DD20-A3D8-42B4-B3A9-C2F0071B71DF}
	EndGlobalSection
EndGlobal
